
Microsoft Visual Studio Solution File, Format Version 11.00
# Visual Studio 2010
Project("{8BC9CEB8-8B4A-11D0-8D11-00A0C91BC942}") = "Real-Time Assignment 1", "Real-Time Assignment 1\Real-Time Assignment 1.vcxproj", "{E978464B-44B2-4A64-B62E-5CF29BBFDD10}"
EndProject
Global
	GlobalSection(SolutionConfigurationPlatforms) = preSolution
		Debug|Win32 = Debug|Win32
		Release|Win32 = Release|Win32
	EndGlobalSection
	GlobalSection(ProjectConfigurationPlatforms) = postSolution
		{E978464B-44B2-4A64-B62E-5CF29BBFDD10}.Debug|Win32.ActiveCfg = Debug|Win32
		{E978464B-44B2-4A64-B62E-5CF29BBFDD10}.Debug|Win32.Build.0 = Debug|Win32
		{E978464B-44B2-4A64-B62E-5CF29BBFDD10}.Release|Win32.ActiveCfg = Release|Win32
		{E978464B-44B2-4A64-B62E-5CF29BBFDD10}.Release|Win32.Build.0 = Release|Win32
	EndGlobalSection
	GlobalSection(SolutionProperties) = preSolution
		HideSolutionNode = FALSE
	EndGlobalSection
EndGlobal
